# Generated by conda-lock.
# platform: linux-64
# input_hash: b64d6af891201b433752c1baaacfb6d1f2a9385ff9261f4dface575ada187ece
@EXPLICIT
https://conda.anaconda.org/conda-forge/linux-64/_libgcc_mutex-0.1-conda_forge.tar.bz2#d7c89558ba9fa0495403155b64376d81
https://repo.anaconda.com/pkgs/main/linux-64/blas-1.0-openblas.conda#9ddfcaef10d79366c90128f5dc444be8
https://repo.anaconda.com/pkgs/main/linux-64/ca-certificates-2024.11.26-h06a4308_0.conda#cebd61e6520159a1315d679321620f6c
https://repo.anaconda.com/pkgs/main/linux-64/ld_impl_linux-64-2.40-h12ee557_0.conda#ee672b5f635340734f58d618b7bca024
https://repo.anaconda.com/pkgs/main/linux-64/libgfortran5-11.2.0-h1234567_1.conda#36a01a8c30e0cadf0d3e842c50b73f3b
https://repo.anaconda.com/pkgs/main/noarch/tzdata-2024b-h04d1e81_0.conda#9be694715c6a65f9631bb1b242125e9d
https://repo.anaconda.com/pkgs/main/linux-64/libgfortran-ng-11.2.0-h00389a5_1.conda#7429b67ab7b1d7cb99b9d1f3ddaec6e3
https://conda.anaconda.org/conda-forge/linux-64/libgomp-14.2.0-h77fa898_1.conda#cc3573974587f12dda90d96e3e55a702
https://conda.anaconda.org/conda-forge/linux-64/_openmp_mutex-4.5-2_gnu.tar.bz2#73aaf86a425cc6e73fcf236a5a46396d
https://conda.anaconda.org/conda-forge/linux-64/libgcc-14.2.0-h77fa898_1.conda#3cb76c3f10d3bc7f1105b2fc9db984df
https://conda.anaconda.org/conda-forge/linux-64/c-ares-1.34.3-hb9d3cd8_1.conda#ee228789a85f961d14567252a03e725f
https://conda.anaconda.org/conda-forge/linux-64/libexpat-2.6.4-h5888daf_0.conda#db833e03127376d461e1e13e76f09b6c
https://conda.anaconda.org/conda-forge/linux-64/libgcc-ng-14.2.0-h69a702a_1.conda#e39480b9ca41323497b05492a63bc35b
https://conda.anaconda.org/conda-forge/linux-64/libstdcxx-14.2.0-hc0a3c3a_1.conda#234a5554c53625688d51062645337328
https://conda.anaconda.org/conda-forge/linux-64/libzlib-1.3.1-hb9d3cd8_2.conda#edb0dca6bc32e4f4789199455a1dbeb8
https://conda.anaconda.org/conda-forge/linux-64/openssl-3.4.0-hb9d3cd8_0.conda#23cc74f77eb99315c0360ec3533147a9
https://conda.anaconda.org/conda-forge/linux-64/reproc-14.2.5.post0-hb9d3cd8_0.conda#69fbc0a9e42eb5fe6733d2d60d818822
https://repo.anaconda.com/pkgs/main/linux-64/bzip2-1.0.8-h5eee18b_6.conda#f21a3ff51c1b271977f53ce956a69297
https://conda.anaconda.org/conda-forge/linux-64/expat-2.6.4-h5888daf_0.conda#1d6afef758879ef5ee78127eb4cd2c4a
https://repo.anaconda.com/pkgs/main/linux-64/libev-4.33-h7f8727e_1.conda#5065620db4393fb549f30114a33897d1
https://conda.anaconda.org/conda-forge/linux-64/libiconv-1.17-hd590300_2.conda#d66573916ffcf376178462f1b61c941e
https://conda.anaconda.org/conda-forge/linux-64/libnsl-2.0.1-hd590300_0.conda#30fd6e37fe21f86f4bd26d6ee73eeec7
https://conda.anaconda.org/conda-forge/linux-64/libsqlite-3.47.0-hadc24fc_1.conda#b6f02b52a174e612e89548f4663ce56a
https://conda.anaconda.org/conda-forge/linux-64/libssh2-1.11.1-hf672d98_0.conda#be2de152d8073ef1c01b7728475f2fe7
https://conda.anaconda.org/conda-forge/linux-64/libstdcxx-ng-14.2.0-h4852527_1.conda#8371ac6457591af2cf6159439c1fd051
https://conda.anaconda.org/conda-forge/linux-64/libuuid-2.38.1-h0b41bf4_0.conda#40b61aab5c7ba9ff276c41cfffe6b80b
https://conda.anaconda.org/conda-forge/linux-64/libxcrypt-4.4.36-hd590300_1.conda#5aa797f8787fe7a17d1b0821485b5adc
https://repo.anaconda.com/pkgs/main/linux-64/lzo-2.10-h7b6447c_2.conda#65722a7644f424de73fea6e87edd7653
https://conda.anaconda.org/conda-forge/linux-64/ncurses-6.5-he02047a_1.conda#70caf8bb6cf39a0b6b7efc885f51c0fe
https://conda.anaconda.org/conda-forge/linux-64/reproc-cpp-14.2.5.post0-h5888daf_0.conda#828302fca535f9cfeb598d5f7c204323
https://conda.anaconda.org/conda-forge/linux-64/tk-8.6.13-noxft_h4845f30_101.conda#d453b98d9c83e71da0741bb0ff4d76bc
https://repo.anaconda.com/pkgs/main/linux-64/xz-5.4.6-h5eee18b_1.conda#1562802f843297ee776a50b9329597ed
https://repo.anaconda.com/pkgs/main/linux-64/yaml-0.2.5-h7b6447c_0.conda#39fdbf4db769e494ffb06d95680c83d8
https://conda.anaconda.org/conda-forge/linux-64/cpp-expected-1.1.0-hf52228f_0.conda#a7f1500bf47196443b67355d67afec6d
https://conda.anaconda.org/conda-forge/linux-64/fmt-11.0.2-h434a139_0.conda#995f7e13598497691c1dc476d889bc04
https://repo.anaconda.com/pkgs/main/linux-64/libedit-3.1.20230828-h5eee18b_0.conda#850eb5a9d2d7d3c66cce12e84406ca08
https://repo.anaconda.com/pkgs/main/linux-64/libffi-3.4.4-h6a678d5_1.conda#70646cc713f0c43926cfdcfe9b695fe0
https://conda.anaconda.org/conda-forge/linux-64/libnghttp2-1.64.0-h161d5f1_0.conda#19e57602824042dfd0446292ef90488b
https://repo.anaconda.com/pkgs/main/linux-64/libopenblas-0.3.21-h043d6bf_0.conda#7f7324dcc3c4761a14f3e4ac443235a7
https://conda.anaconda.org/conda-forge/linux-64/libsolv-0.7.30-h3509ff9_0.conda#02539b77d25aa4f65b20246549e256c3
https://conda.anaconda.org/conda-forge/linux-64/libxml2-2.13.5-h064dc61_0.conda#fb16b85a5be1328ac1c44b098b74c570
https://repo.anaconda.com/pkgs/main/linux-64/lz4-c-1.9.4-h6a678d5_1.conda#2ee58861f2b92b868ce761abb831819d
https://conda.anaconda.org/conda-forge/linux-64/nlohmann_json-3.11.3-he02047a_1.conda#e46f7ac4917215b49df2ea09a694a3fa
https://conda.anaconda.org/conda-forge/linux-64/pcre2-10.44-hba22ea6_2.conda#df359c09c41cd186fffb93a2d87aa6f5
https://repo.anaconda.com/pkgs/main/linux-64/readline-8.2-h5eee18b_0.conda#be42180685cce6e6b0329201d9f48efb
https://conda.anaconda.org/conda-forge/linux-64/simdjson-3.10.1-h84d6215_0.conda#7f9bd0e5c889fae32b03dd448eb71de6
https://repo.anaconda.com/pkgs/main/linux-64/yaml-cpp-0.8.0-h6a678d5_1.conda#015d2d74ad3c8e53eec3358637433718
https://conda.anaconda.org/conda-forge/linux-64/zstd-1.5.6-ha6fb4c9_0.conda#4d056880988120e29d75bfff282e0f45
https://repo.anaconda.com/pkgs/main/linux-64/krb5-1.21.3-h143b758_0.conda#683d151e2759efbb51b5553c932664f7
https://conda.anaconda.org/conda-forge/linux-64/libarchive-3.7.7-hadbb8c3_0.conda#4a099677417658748239616b6ca96bb6
https://conda.anaconda.org/conda-forge/linux-64/libglib-2.82.2-h2ff4ddf_0.conda#13e8e54035ddd2b91875ba399f0f7c04
https://conda.anaconda.org/conda-forge/linux-64/python-3.11.10-hc5c86c4_3_cpython.conda#9e1ad55c87368e662177661a998feed5
https://conda.anaconda.org/conda-forge/linux-64/spdlog-1.14.1-hed91bc2_1.conda#909188c8979846bac8e586908cf1ca6a
https://repo.anaconda.com/pkgs/main/linux-64/annotated-types-0.6.0-py311h06a4308_0.conda#d644060dea1e2f57e08a2f8a8af6c6dd
https://repo.anaconda.com/pkgs/main/noarch/appdirs-1.4.4-pyhd3eb1b0_0.conda#5673d98d06171cb6eed03a6736845c4d
https://repo.anaconda.com/pkgs/main/linux-64/brotli-python-1.0.9-py311h6a678d5_8.conda#3ff79875bafbc27f7dbb766c3e3f7cb9
https://repo.anaconda.com/pkgs/main/noarch/cachy-0.3.0-pyhd3eb1b0_0.conda#fcb19b85ad100b509f744e339c50871e
https://repo.anaconda.com/pkgs/main/linux-64/certifi-2024.8.30-py311h06a4308_0.conda#43f89c12710871fbb1ce91f4d167eb92
https://repo.anaconda.com/pkgs/main/noarch/charset-normalizer-3.3.2-pyhd3eb1b0_0.conda#c6fea3691e85cf7f568b0618ec29fc4f
https://repo.anaconda.com/pkgs/main/linux-64/click-8.1.7-py311h06a4308_0.conda#1ffaf932dee43fd766c2f86a443a3e5e
https://repo.anaconda.com/pkgs/main/linux-64/crashtest-0.4.1-py311h06a4308_0.conda#c11599b40f6daa4a9d318f7e90fd6d8f
https://repo.anaconda.com/pkgs/main/linux-64/distlib-0.3.8-py311h06a4308_0.conda#a571c21e37b568d309737f8665f5274c
https://repo.anaconda.com/pkgs/main/linux-64/filelock-3.13.1-py311h06a4308_0.conda#06e9d75c5dccc4d217ef5fb829cec1f7
https://conda.anaconda.org/conda-forge/linux-64/glib-tools-2.82.2-h4833e2c_0.conda#12859f91830f58b1803e32846651c6f6
https://repo.anaconda.com/pkgs/main/linux-64/idna-3.7-py311h06a4308_0.conda#2ceb28397f5b61538ba451ad05ce5e58
https://repo.anaconda.com/pkgs/main/noarch/jeepney-0.7.1-pyhd3eb1b0_0.conda#f115ef0af90b59f35ef56743955979a4
https://conda.anaconda.org/conda-forge/linux-64/libcurl-8.10.1-hbbe4b11_0.conda#6e801c50a40301f6978c53976917b277
https://repo.anaconda.com/pkgs/main/linux-64/markupsafe-2.1.3-py311h5eee18b_0.conda#fcf7a9a851fc6ed09331e8fe517b7a12
https://repo.anaconda.com/pkgs/main/linux-64/more-itertools-10.3.0-py311h06a4308_0.conda#56ffceb21e350fc8ef9464db90fc6b01
https://repo.anaconda.com/pkgs/main/linux-64/msgpack-python-1.0.3-py311hdb19cb5_0.conda#aa6ec1328c13c310f8c6cd75fc008f98
https://repo.anaconda.com/pkgs/main/linux-64/numpy-base-1.26.4-py311hbfb1bba_0.conda#5588399825a0301766b17e4f66b0fc23
https://repo.anaconda.com/pkgs/main/linux-64/packaging-24.1-py311h06a4308_0.conda#5bdc36d8cdf79b97f1538235fc02ed06
https://repo.anaconda.com/pkgs/main/noarch/pastel-0.2.1-py_0.conda#81a0d5c930710445569d9a2f5137d6a2
https://repo.anaconda.com/pkgs/main/linux-64/pkginfo-1.11.2-py311h06a4308_0.conda#354e9e91d87bc56313111af4d5e918d3
https://repo.anaconda.com/pkgs/main/linux-64/platformdirs-3.10.0-py311h06a4308_0.conda#1fede791146a68b1279b22e19a249448
https://repo.anaconda.com/pkgs/main/noarch/pycparser-2.21-pyhd3eb1b0_0.conda#135a72ff2a31150a3a3ff0b1edd41ca9
https://repo.anaconda.com/pkgs/main/noarch/pylev-1.3.0-py_0.conda#8753b52aad70b2ed2ebaa6031853c816
https://repo.anaconda.com/pkgs/main/linux-64/pysocks-1.7.1-py311h06a4308_0.conda#0c6bf55446eb174d2c749fd9499ca181
https://repo.anaconda.com/pkgs/main/noarch/python-tzdata-2023.3-pyhd3eb1b0_0.conda#479c037de0186d114b9911158427624e
https://repo.anaconda.com/pkgs/main/linux-64/pytz-2024.1-py311h06a4308_0.conda#fc02dde03427f0c97d4f33a6b408e9f7
https://repo.anaconda.com/pkgs/main/linux-64/pyyaml-6.0.2-py311h5eee18b_0.conda#681abbdd8baf03f41ec4e880f0389058
https://repo.anaconda.com/pkgs/main/linux-64/ruamel.yaml.clib-0.2.8-py311h5eee18b_0.conda#44742a6aea91213fddfda30044e64c90
https://repo.anaconda.com/pkgs/main/linux-64/setuptools-75.1.0-py311h06a4308_0.conda#7cbefa0320ebd04c6cc060be9c39789a
https://repo.anaconda.com/pkgs/main/noarch/six-1.16.0-pyhd3eb1b0_1.conda#34586824d411d36af2fa40e799c172d0
https://repo.anaconda.com/pkgs/main/noarch/smmap-4.0.0-pyhd3eb1b0_0.conda#ea22ec22100b09799aa81f3e3ef9fa87
https://repo.anaconda.com/pkgs/main/linux-64/tomlkit-0.13.2-py311h06a4308_0.conda#596b06a422ebbbef231219756a638b1c
https://repo.anaconda.com/pkgs/main/linux-64/toolz-0.12.0-py311h06a4308_0.conda#c1fbef357130d8520fabf9897acac572
https://repo.anaconda.com/pkgs/main/linux-64/typing_extensions-4.11.0-py311h06a4308_0.conda#369aaf69960ad65678bb45552d82438a
https://repo.anaconda.com/pkgs/main/linux-64/webencodings-0.5.1-py311h06a4308_1.conda#6018ed8d17895b6f25113820aefae941
https://repo.anaconda.com/pkgs/main/linux-64/wheel-0.44.0-py311h06a4308_0.conda#1fb091aa98b4fc5ca036b2086dac1db5
https://repo.anaconda.com/pkgs/main/linux-64/zipp-3.21.0-py311h06a4308_0.conda#200e94922a031b178e49212d443ee388
https://repo.anaconda.com/pkgs/main/linux-64/cffi-1.17.1-py311h1fdaa30_0.conda#e8b58e63c3176c5eba16cb82a237d7cf
https://repo.anaconda.com/pkgs/main/linux-64/click-default-group-1.2.2-py311h06a4308_0.conda#6d15c5383bd67509b4369c48ef5cdc42
https://conda.anaconda.org/conda-forge/noarch/clikit-0.6.2-pyhd8ed1ab_2.conda#02abb7b66b02e8b9f5a9b05454400087
https://repo.anaconda.com/pkgs/main/noarch/gitdb-4.0.7-pyhd3eb1b0_0.conda#bdd15a7149734880c003d98110c56b5b
https://conda.anaconda.org/conda-forge/linux-64/glib-2.82.2-h44428e9_0.conda#f19f985ab043e8843045410f3b99de8a
https://repo.anaconda.com/pkgs/main/noarch/html5lib-1.1-pyhd3eb1b0_0.conda#24c4f675dfc77f9d1ae6cd3c33731c3c
https://repo.anaconda.com/pkgs/main/linux-64/importlib-metadata-8.5.0-py311h06a4308_0.conda#f094b645a242f42af75f07bc51910900
https://repo.anaconda.com/pkgs/main/noarch/jaraco.classes-3.2.1-pyhd3eb1b0_0.conda#7f47c66b55e92b2724174847703df72f
https://repo.anaconda.com/pkgs/main/linux-64/jinja2-3.1.4-py311h06a4308_1.conda#6ece86f360f169b5f337d03883523c3e
https://conda.anaconda.org/conda-forge/linux-64/libmamba-2.0.4-hf72d635_0.conda#ee936d20425961886b3ddc68e7021bb9
https://repo.anaconda.com/pkgs/main/linux-64/numpy-1.26.4-py311h24aa872_0.conda#3447c7f46001d1db6c6df26bf4cd461c
https://repo.anaconda.com/pkgs/main/linux-64/pip-24.2-py311h06a4308_0.conda#eff3ec695130b6912d64997edbc0db16
https://repo.anaconda.com/pkgs/main/linux-64/python-dateutil-2.9.0post0-py311h06a4308_2.conda#486d4dbc1cd7e10dd4ebcace78db7cfe
https://repo.anaconda.com/pkgs/main/linux-64/ruamel.yaml-0.18.6-py311h5eee18b_0.conda#22fb17c2a89c6daf26aa004a589e80be
https://repo.anaconda.com/pkgs/main/linux-64/typing-extensions-4.11.0-py311h06a4308_0.conda#e379c5678667b7fe56b71b329848b59d
https://repo.anaconda.com/pkgs/main/linux-64/virtualenv-20.26.1-py311h06a4308_0.conda#0982132fab1a705e3662f0f5acf10b1a
https://repo.anaconda.com/pkgs/main/linux-64/bottleneck-1.4.2-py311hf4808d0_0.conda#aae7d4c48ca0a891df914aeeee112bfd
https://repo.anaconda.com/pkgs/main/linux-64/cryptography-43.0.3-py311h7825ff9_1.conda#43932857133b68e74ae8f7a20635c4c5
https://repo.anaconda.com/pkgs/main/linux-64/dbus-1.13.18-hb2f20db_0.conda#6a6a6f1391f807847404344489ef6cf4
https://repo.anaconda.com/pkgs/main/linux-64/gitpython-3.1.43-py311h06a4308_0.conda#e3a102c0edfb18996544edacfb5ec701
https://repo.anaconda.com/pkgs/main/noarch/importlib_metadata-8.5.0-hd3eb1b0_0.conda#8db7330fd612d77ce54e9e5b38e1f47d
https://conda.anaconda.org/conda-forge/linux-64/mamba-2.0.4-hfdd0a45_0.conda#ab79fe6e239eb7a332d3ed92972c1e98
https://repo.anaconda.com/pkgs/main/linux-64/numexpr-2.10.1-py311hd28fd6d_0.conda#7a9970563603f8c4f6cc6ad56ac442bb
https://repo.anaconda.com/pkgs/main/linux-64/pydantic-core-2.20.1-py311hb02cf49_0.conda#c64cc59a187db572dbef997549bb7256
https://repo.anaconda.com/pkgs/main/linux-64/pandas-2.2.2-py311ha02d727_0.conda#383afe93595a8c7a77db47999d219aa1
https://repo.anaconda.com/pkgs/main/linux-64/pydantic-2.8.2-py311h06a4308_0.conda#91834a17b79ee31adc2ec5b1279e0da0
https://repo.anaconda.com/pkgs/main/linux-64/pyopenssl-24.2.1-py311h06a4308_0.conda#51e05fbd7a7ffac177ee5dbf719afcba
https://repo.anaconda.com/pkgs/main/linux-64/secretstorage-3.3.1-py311h06a4308_1.conda#a60c8f2b1575a0f163f12079be3f5537
https://repo.anaconda.com/pkgs/main/linux-64/keyring-24.3.1-py311h06a4308_0.conda#b651f4026219b72bd8520daf5bdea7b4
https://repo.anaconda.com/pkgs/main/linux-64/urllib3-1.26.19-py311h06a4308_0.conda#ed9fbb10f01ef551d4984baaf8e4e0d1
https://repo.anaconda.com/pkgs/main/linux-64/requests-2.32.3-py311h06a4308_1.conda#eba2c15df1952db2ad104772195522d3
https://repo.anaconda.com/pkgs/main/linux-64/cachecontrol-0.14.0-py311h06a4308_1.conda#6b76b9c156323f9ca9cd20d4c86a8c07
https://repo.anaconda.com/pkgs/main/linux-64/ensureconda-1.4.4-py311h06a4308_1.conda#238f0143a766b1dc352afd31af1810db
https://repo.anaconda.com/pkgs/main/linux-64/cachecontrol-with-filecache-0.14.0-py311h06a4308_1.conda#be6d3531f170c71319da25ae46c65ce9
https://repo.anaconda.com/pkgs/main/linux-64/conda-lock-2.5.6-py311h06a4308_0.conda#61a649a7a966895c35a0f10ae4e6ff6a
